
Microsoft Visual Studio Solution File, Format Version 12.00
# Visual Studio 15
VisualStudioVersion = 15.0.26124.0
MinimumVisualStudioVersion = 15.0.26124.0
Project("{2150E333-8FDC-42A3-9474-1A3956D46DE8}") = "src", "src", "{C6193FFF-2184-4448-BEA6-8634C6AE5D42}"
EndProject
Project("{FAE04EC0-301F-11D3-BF4B-00C04F79EFBC}") = "Infrastructure", "src\infrastructure\Infrastructure.csproj", "{15628F9A-FAD0-4276-B758-622272B68785}"
EndProject
Project("{FAE04EC0-301F-11D3-BF4B-00C04F79EFBC}") = "Domain", "src\domain\Domain.csproj", "{F702AF8D-8288-405F-82A4-3EB34473C4B9}"
EndProject
Project("{FAE04EC0-301F-11D3-BF4B-00C04F79EFBC}") = "Application", "src\application\Application.csproj", "{669602A6-641D-4EEF-A9DA-361C10B45BDF}"
EndProject
Global
	GlobalSection(SolutionConfigurationPlatforms) = preSolution
		Debug|Any CPU = Debug|Any CPU
		Debug|x64 = Debug|x64
		Debug|x86 = Debug|x86
		Release|Any CPU = Release|Any CPU
		Release|x64 = Release|x64
		Release|x86 = Release|x86
	EndGlobalSection
	GlobalSection(SolutionProperties) = preSolution
		HideSolutionNode = FALSE
	EndGlobalSection
	GlobalSection(ProjectConfigurationPlatforms) = postSolution
		{15628F9A-FAD0-4276-B758-622272B68785}.Debug|Any CPU.ActiveCfg = Debug|Any CPU
		{15628F9A-FAD0-4276-B758-622272B68785}.Debug|Any CPU.Build.0 = Debug|Any CPU
		{15628F9A-FAD0-4276-B758-622272B68785}.Debug|x64.ActiveCfg = Debug|Any CPU
		{15628F9A-FAD0-4276-B758-622272B68785}.Debug|x64.Build.0 = Debug|Any CPU
		{15628F9A-FAD0-4276-B758-622272B68785}.Debug|x86.ActiveCfg = Debug|Any CPU
		{15628F9A-FAD0-4276-B758-622272B68785}.Debug|x86.Build.0 = Debug|Any CPU
		{15628F9A-FAD0-4276-B758-622272B68785}.Release|Any CPU.ActiveCfg = Release|Any CPU
		{15628F9A-FAD0-4276-B758-622272B68785}.Release|Any CPU.Build.0 = Release|Any CPU
		{15628F9A-FAD0-4276-B758-622272B68785}.Release|x64.ActiveCfg = Release|Any CPU
		{15628F9A-FAD0-4276-B758-622272B68785}.Release|x64.Build.0 = Release|Any CPU
		{15628F9A-FAD0-4276-B758-622272B68785}.Release|x86.ActiveCfg = Release|Any CPU
		{15628F9A-FAD0-4276-B758-622272B68785}.Release|x86.Build.0 = Release|Any CPU
		{F702AF8D-8288-405F-82A4-3EB34473C4B9}.Debug|Any CPU.ActiveCfg = Debug|Any CPU
		{F702AF8D-8288-405F-82A4-3EB34473C4B9}.Debug|Any CPU.Build.0 = Debug|Any CPU
		{F702AF8D-8288-405F-82A4-3EB34473C4B9}.Debug|x64.ActiveCfg = Debug|Any CPU
		{F702AF8D-8288-405F-82A4-3EB34473C4B9}.Debug|x64.Build.0 = Debug|Any CPU
		{F702AF8D-8288-405F-82A4-3EB34473C4B9}.Debug|x86.ActiveCfg = Debug|Any CPU
		{F702AF8D-8288-405F-82A4-3EB34473C4B9}.Debug|x86.Build.0 = Debug|Any CPU
		{F702AF8D-8288-405F-82A4-3EB34473C4B9}.Release|Any CPU.ActiveCfg = Release|Any CPU
		{F702AF8D-8288-405F-82A4-3EB34473C4B9}.Release|Any CPU.Build.0 = Release|Any CPU
		{F702AF8D-8288-405F-82A4-3EB34473C4B9}.Release|x64.ActiveCfg = Release|Any CPU
		{F702AF8D-8288-405F-82A4-3EB34473C4B9}.Release|x64.Build.0 = Release|Any CPU
		{F702AF8D-8288-405F-82A4-3EB34473C4B9}.Release|x86.ActiveCfg = Release|Any CPU
		{F702AF8D-8288-405F-82A4-3EB34473C4B9}.Release|x86.Build.0 = Release|Any CPU
		{669602A6-641D-4EEF-A9DA-361C10B45BDF}.Debug|Any CPU.ActiveCfg = Debug|Any CPU
		{669602A6-641D-4EEF-A9DA-361C10B45BDF}.Debug|Any CPU.Build.0 = Debug|Any CPU
		{669602A6-641D-4EEF-A9DA-361C10B45BDF}.Debug|x64.ActiveCfg = Debug|Any CPU
		{669602A6-641D-4EEF-A9DA-361C10B45BDF}.Debug|x64.Build.0 = Debug|Any CPU
		{669602A6-641D-4EEF-A9DA-361C10B45BDF}.Debug|x86.ActiveCfg = Debug|Any CPU
		{669602A6-641D-4EEF-A9DA-361C10B45BDF}.Debug|x86.Build.0 = Debug|Any CPU
		{669602A6-641D-4EEF-A9DA-361C10B45BDF}.Release|Any CPU.ActiveCfg = Release|Any CPU
		{669602A6-641D-4EEF-A9DA-361C10B45BDF}.Release|Any CPU.Build.0 = Release|Any CPU
		{669602A6-641D-4EEF-A9DA-361C10B45BDF}.Release|x64.ActiveCfg = Release|Any CPU
		{669602A6-641D-4EEF-A9DA-361C10B45BDF}.Release|x64.Build.0 = Release|Any CPU
		{669602A6-641D-4EEF-A9DA-361C10B45BDF}.Release|x86.ActiveCfg = Release|Any CPU
		{669602A6-641D-4EEF-A9DA-361C10B45BDF}.Release|x86.Build.0 = Release|Any CPU
	EndGlobalSection
	GlobalSection(NestedProjects) = preSolution
		{15628F9A-FAD0-4276-B758-622272B68785} = {C6193FFF-2184-4448-BEA6-8634C6AE5D42}
		{F702AF8D-8288-405F-82A4-3EB34473C4B9} = {C6193FFF-2184-4448-BEA6-8634C6AE5D42}
		{669602A6-641D-4EEF-A9DA-361C10B45BDF} = {C6193FFF-2184-4448-BEA6-8634C6AE5D42}
	EndGlobalSection
EndGlobal
